// !$*UTF8*$!
{
	archiveVersion = 1;
	classes = {
	};
	objectVersion = 48;
	objects = {

/* Begin PBXBuildFile section */
		19DBB89A2ED79FE1EFA92F77 /* libPods-NewiOSOfQFNUUITests.a in Frameworks */ = {isa = PBXBuildFile; fileRef = A3CFD5F1DB2E0CA55448B0A8 /* libPods-NewiOSOfQFNUUITests.a */; };
		2600C1CD20158D49002A67F8 /* QFNUAboutUsController.m in Sources */ = {isa = PBXBuildFile; fileRef = 2600C19E20158D47002A67F8 /* QFNUAboutUsController.m */; };
		2600C1CE20158D49002A67F8 /* AboutUsView.m in Sources */ = {isa = PBXBuildFile; fileRef = 2600C1A120158D47002A67F8 /* AboutUsView.m */; };
		2600C1CF20158D49002A67F8 /* AboutUsView.xib in Resources */ = {isa = PBXBuildFile; fileRef = 2600C1A220158D47002A67F8 /* AboutUsView.xib */; };
		2600C1D220158D49002A67F8 /* QFNUCConsultController.m in Sources */ = {isa = PBXBuildFile; fileRef = 2600C1AE20158D48002A67F8 /* QFNUCConsultController.m */; };
		2600C1EC2015B50B002A67F8 /* BaseNavigationController.m in Sources */ = {isa = PBXBuildFile; fileRef = 2600C1E92015B50B002A67F8 /* BaseNavigationController.m */; };
		2600C1ED2015B50B002A67F8 /* QFNUMainViewController.m in Sources */ = {isa = PBXBuildFile; fileRef = 2600C1EB2015B50B002A67F8 /* QFNUMainViewController.m */; };
		2600C1F32015D688002A67F8 /* like.caf in Resources */ = {isa = PBXBuildFile; fileRef = 2600C1F22015D688002A67F8 /* like.caf */; };
		264D74C5202BEAF50018D236 /* CFWebViewController.m in Sources */ = {isa = PBXBuildFile; fileRef = 264D74C3202BEAF40018D236 /* CFWebViewController.m */; };
		264D74DD202BEAFB0018D236 /* LeftSortsController.m in Sources */ = {isa = PBXBuildFile; fileRef = 264D74C9202BEAFA0018D236 /* LeftSortsController.m */; };
		264D74DF202BEAFB0018D236 /* MainController.m in Sources */ = {isa = PBXBuildFile; fileRef = 264D74CD202BEAFA0018D236 /* MainController.m */; };
		264D74E0202BEAFB0018D236 /* TQMultistageTableView.m in Sources */ = {isa = PBXBuildFile; fileRef = 264D74D0202BEAFA0018D236 /* TQMultistageTableView.m */; };
		264D74E3202BEAFB0018D236 /* MainButtonData.plist in Resources */ = {isa = PBXBuildFile; fileRef = 264D74D5202BEAFA0018D236 /* MainButtonData.plist */; };
		264D74E4202BEAFB0018D236 /* MainButtonModel.m in Sources */ = {isa = PBXBuildFile; fileRef = 264D74D7202BEAFA0018D236 /* MainButtonModel.m */; };
		264D74E5202BEAFB0018D236 /* MainButtonView.m in Sources */ = {isa = PBXBuildFile; fileRef = 264D74DA202BEAFA0018D236 /* MainButtonView.m */; };
		264D74E6202BEAFB0018D236 /* MainHeadScrollView.m in Sources */ = {isa = PBXBuildFile; fileRef = 264D74DC202BEAFA0018D236 /* MainHeadScrollView.m */; };
		264D74EC202C1F680018D236 /* NJKWebViewProgress.m in Sources */ = {isa = PBXBuildFile; fileRef = 264D74E9202C1F670018D236 /* NJKWebViewProgress.m */; };
		264D74ED202C1F680018D236 /* NJKWebViewProgressView.m in Sources */ = {isa = PBXBuildFile; fileRef = 264D74EB202C1F670018D236 /* NJKWebViewProgressView.m */; };
		264D74F0202C319E0018D236 /* QFInfo.m in Sources */ = {isa = PBXBuildFile; fileRef = 264D74EF202C319E0018D236 /* QFInfo.m */; };
		264D74F2202C35830018D236 /* MessageUI.framework in Frameworks */ = {isa = PBXBuildFile; fileRef = 264D74F1202C35830018D236 /* MessageUI.framework */; };
		26918E1F2050FE8B004D190C /* HolidayMolde.m in Sources */ = {isa = PBXBuildFile; fileRef = 26918E1E2050FE8B004D190C /* HolidayMolde.m */; };
		26931EC3201B0620009C6E8B /* navigation_back_white@2x.png in Resources */ = {isa = PBXBuildFile; fileRef = 26931EC1201B0620009C6E8B /* navigation_back_white@2x.png */; };
		26931EC4201B0620009C6E8B /* navigation_back@2x.png in Resources */ = {isa = PBXBuildFile; fileRef = 26931EC2201B0620009C6E8B /* navigation_back@2x.png */; };
		26931EE4201B1275009C6E8B /* ZMMessageView.m in Sources */ = {isa = PBXBuildFile; fileRef = 26931ED2201B1275009C6E8B /* ZMMessageView.m */; };
		26931EE5201B1275009C6E8B /* ZMMineView.m in Sources */ = {isa = PBXBuildFile; fileRef = 26931ED4201B1275009C6E8B /* ZMMineView.m */; };
		26931EE6201B1275009C6E8B /* ZMMineViewController.m in Sources */ = {isa = PBXBuildFile; fileRef = 26931ED6201B1275009C6E8B /* ZMMineViewController.m */; };
		26931EE7201B1275009C6E8B /* ZMProfileView.m in Sources */ = {isa = PBXBuildFile; fileRef = 26931ED8201B1275009C6E8B /* ZMProfileView.m */; };
		26931EE8201B1275009C6E8B /* ZMProfileViewController.m in Sources */ = {isa = PBXBuildFile; fileRef = 26931EDA201B1275009C6E8B /* ZMProfileViewController.m */; };
		26931EE9201B1275009C6E8B /* ZMSetupView.m in Sources */ = {isa = PBXBuildFile; fileRef = 26931EDC201B1275009C6E8B /* ZMSetupView.m */; };
		26931EEA201B1275009C6E8B /* ZMSetupViewController.m in Sources */ = {isa = PBXBuildFile; fileRef = 26931EDE201B1275009C6E8B /* ZMSetupViewController.m */; };
		26931EEB201B1275009C6E8B /* ZMProfileViewCell.m in Sources */ = {isa = PBXBuildFile; fileRef = 26931EE1201B1275009C6E8B /* ZMProfileViewCell.m */; };
		26931EEC201B1275009C6E8B /* ZMSetupViewCell.m in Sources */ = {isa = PBXBuildFile; fileRef = 26931EE3201B1275009C6E8B /* ZMSetupViewCell.m */; };
		26931EEF201B242F009C6E8B /* ZMMineLoginViewCell.m in Sources */ = {isa = PBXBuildFile; fileRef = 26931EED201B242E009C6E8B /* ZMMineLoginViewCell.m */; };
		26931EF6201B24C3009C6E8B /* YYTableViewCell.m in Sources */ = {isa = PBXBuildFile; fileRef = 26931EF0201B24C2009C6E8B /* YYTableViewCell.m */; };
		26931EF7201B24C3009C6E8B /* ZMColor.m in Sources */ = {isa = PBXBuildFile; fileRef = 26931EF1201B24C2009C6E8B /* ZMColor.m */; };
		26931EF8201B24C3009C6E8B /* YYTableView.m in Sources */ = {isa = PBXBuildFile; fileRef = 26931EF4201B24C2009C6E8B /* YYTableView.m */; };
		26931EFB201B25BA009C6E8B /* ZMUserInfo.m in Sources */ = {isa = PBXBuildFile; fileRef = 26931EFA201B25B9009C6E8B /* ZMUserInfo.m */; };
		26931EFE201B2661009C6E8B /* ZMBaseModel.m in Sources */ = {isa = PBXBuildFile; fileRef = 26931EFC201B2660009C6E8B /* ZMBaseModel.m */; };
		26931F02201B2714009C6E8B /* UIImage+Common.m in Sources */ = {isa = PBXBuildFile; fileRef = 26931F01201B2713009C6E8B /* UIImage+Common.m */; };
		2696CAEA203FB27F00885D5E /* logoschool.png in Resources */ = {isa = PBXBuildFile; fileRef = 2696CAE9203FB27E00885D5E /* logoschool.png */; };
		26B1E78920171958009CF9FC /* BaseRequest.m in Sources */ = {isa = PBXBuildFile; fileRef = 26B1E78720171958009CF9FC /* BaseRequest.m */; };
		26B1E797201726B5009CF9FC /* ZMLoginViewController.m in Sources */ = {isa = PBXBuildFile; fileRef = 26B1E78F201726B5009CF9FC /* ZMLoginViewController.m */; };
		26B1E798201726B5009CF9FC /* ZMRegisterViewController.m in Sources */ = {isa = PBXBuildFile; fileRef = 26B1E791201726B5009CF9FC /* ZMRegisterViewController.m */; };
		26B1E799201726B5009CF9FC /* ZMLoginView.m in Sources */ = {isa = PBXBuildFile; fileRef = 26B1E794201726B5009CF9FC /* ZMLoginView.m */; };
		26B1E79A201726B5009CF9FC /* ZMRegisterView.m in Sources */ = {isa = PBXBuildFile; fileRef = 26B1E796201726B5009CF9FC /* ZMRegisterView.m */; };
		26B1E79D2017279F009CF9FC /* ZMViewController.m in Sources */ = {isa = PBXBuildFile; fileRef = 26B1E79B2017279F009CF9FC /* ZMViewController.m */; };
		26B1E7A0201727E0009CF9FC /* ZMNavView.m in Sources */ = {isa = PBXBuildFile; fileRef = 26B1E79F201727E0009CF9FC /* ZMNavView.m */; };
		26B1E7A3201730C0009CF9FC /* UIView+extension.m in Sources */ = {isa = PBXBuildFile; fileRef = 26B1E7A1201730BF009CF9FC /* UIView+extension.m */; };
		26B1E7A420173909009CF9FC /* ZMViewController.m in Sources */ = {isa = PBXBuildFile; fileRef = 26B1E79B2017279F009CF9FC /* ZMViewController.m */; };
		26BF9990203D071D00F09C14 /* icon_telephone@2x.png in Resources */ = {isa = PBXBuildFile; fileRef = 26BF998D203D071C00F09C14 /* icon_telephone@2x.png */; };
		26BF9991203D071D00F09C14 /* login_bg_640X1136@2x.png in Resources */ = {isa = PBXBuildFile; fileRef = 26BF998E203D071D00F09C14 /* login_bg_640X1136@2x.png */; };
		26BF9992203D071D00F09C14 /* icon_lock@2x.png in Resources */ = {isa = PBXBuildFile; fileRef = 26BF998F203D071D00F09C14 /* icon_lock@2x.png */; };
		26BF9994203D122500F09C14 /* qfnulogo.png in Resources */ = {isa = PBXBuildFile; fileRef = 26BF9993203D122400F09C14 /* qfnulogo.png */; };
		26C6DB5F20104972006BE6FE /* AppDelegate.m in Sources */ = {isa = PBXBuildFile; fileRef = 26C6DB5E20104972006BE6FE /* AppDelegate.m */; };
		26C6DB6220104972006BE6FE /* ViewController.m in Sources */ = {isa = PBXBuildFile; fileRef = 26C6DB6120104972006BE6FE /* ViewController.m */; };
		26C6DB6520104972006BE6FE /* Main.storyboard in Resources */ = {isa = PBXBuildFile; fileRef = 26C6DB6320104972006BE6FE /* Main.storyboard */; };
		26C6DB6720104972006BE6FE /* Assets.xcassets in Resources */ = {isa = PBXBuildFile; fileRef = 26C6DB6620104972006BE6FE /* Assets.xcassets */; };
		26C6DB6A20104972006BE6FE /* LaunchScreen.storyboard in Resources */ = {isa = PBXBuildFile; fileRef = 26C6DB6820104972006BE6FE /* LaunchScreen.storyboard */; };
		26C6DB6D20104972006BE6FE /* main.m in Sources */ = {isa = PBXBuildFile; fileRef = 26C6DB6C20104972006BE6FE /* main.m */; };
		26C6DB7720104973006BE6FE /* NewiOSOfQFNUTests.m in Sources */ = {isa = PBXBuildFile; fileRef = 26C6DB7620104973006BE6FE /* NewiOSOfQFNUTests.m */; };
		26C6DB8220104973006BE6FE /* NewiOSOfQFNUUITests.m in Sources */ = {isa = PBXBuildFile; fileRef = 26C6DB8120104973006BE6FE /* NewiOSOfQFNUUITests.m */; };
		26E11A24202AED3E0042737E /* login_alert_cancel@2x.png in Resources */ = {isa = PBXBuildFile; fileRef = 26E11A23202AED3E0042737E /* login_alert_cancel@2x.png */; };
		CD9D038F6BD564D92AF8E7FF /* libPods-NewiOSOfQFNU.a in Frameworks */ = {isa = PBXBuildFile; fileRef = 7D8F6C1E7675E848EC824A1E /* libPods-NewiOSOfQFNU.a */; };
		D8AAD88B610CB783F350C592 /* libPods-NewiOSOfQFNUTests.a in Frameworks */ = {isa = PBXBuildFile; fileRef = C8B1B1EB8522FB185B2F13A4 /* libPods-NewiOSOfQFNUTests.a */; };
/* End PBXBuildFile section */

/* Begin PBXContainerItemProxy section */
		26C6DB7320104973006BE6FE /* PBXContainerItemProxy */ = {
			isa = PBXContainerItemProxy;
			containerPortal = 26C6DB5220104971006BE6FE /* Project object */;
			proxyType = 1;
			remoteGlobalIDString = 26C6DB5920104972006BE6FE;
			remoteInfo = NewiOSOfQFNU;
		};
		26C6DB7E20104973006BE6FE /* PBXContainerItemProxy */ = {
			isa = PBXContainerItemProxy;
			containerPortal = 26C6DB5220104971006BE6FE /* Project object */;
			proxyType = 1;
			remoteGlobalIDString = 26C6DB5920104972006BE6FE;
			remoteInfo = NewiOSOfQFNU;
		};
/* End PBXContainerItemProxy section */

/* Begin PBXFileReference section */
		2600C19D20158D47002A67F8 /* QFNUAboutUsController.h */ = {isa = PBXFileReference; fileEncoding = 4; lastKnownFileType = sourcecode.c.h; path = QFNUAboutUsController.h; sourceTree = "<group>"; };
		2600C19E20158D47002A67F8 /* QFNUAboutUsController.m */ = {isa = PBXFileReference; fileEncoding = 4; lastKnownFileType = sourcecode.c.objc; path = QFNUAboutUsController.m; sourceTree = "<group>"; };
		2600C1A020158D47002A67F8 /* AboutUsView.h */ = {isa = PBXFileReference; fileEncoding = 4; lastKnownFileType = sourcecode.c.h; path = AboutUsView.h; sourceTree = "<group>"; };
		2600C1A120158D47002A67F8 /* AboutUsView.m */ = {isa = PBXFileReference; fileEncoding = 4; lastKnownFileType = sourcecode.c.objc; path = AboutUsView.m; sourceTree = "<group>"; };
		2600C1A220158D47002A67F8 /* AboutUsView.xib */ = {isa = PBXFileReference; fileEncoding = 4; lastKnownFileType = file.xib; path = AboutUsView.xib; sourceTree = "<group>"; };
		2600C1AD20158D48002A67F8 /* QFNUCConsultController.h */ = {isa = PBXFileReference; fileEncoding = 4; lastKnownFileType = sourcecode.c.h; path = QFNUCConsultController.h; sourceTree = "<group>"; };
		2600C1AE20158D48002A67F8 /* QFNUCConsultController.m */ = {isa = PBXFileReference; fileEncoding = 4; lastKnownFileType = sourcecode.c.objc; path = QFNUCConsultController.m; sourceTree = "<group>"; };
		2600C1E32015AF25002A67F8 /* AudioToolbox.framework */ = {isa = PBXFileReference; lastKnownFileType = wrapper.framework; name = AudioToolbox.framework; path = System/Library/Frameworks/AudioToolbox.framework; sourceTree = SDKROOT; };
		2600C1E82015B50B002A67F8 /* BaseNavigationController.h */ = {isa = PBXFileReference; fileEncoding = 4; lastKnownFileType = sourcecode.c.h; path = BaseNavigationController.h; sourceTree = "<group>"; };
		2600C1E92015B50B002A67F8 /* BaseNavigationController.m */ = {isa = PBXFileReference; fileEncoding = 4; lastKnownFileType = sourcecode.c.objc; path = BaseNavigationController.m; sourceTree = "<group>"; };
		2600C1EA2015B50B002A67F8 /* QFNUMainViewController.h */ = {isa = PBXFileReference; fileEncoding = 4; lastKnownFileType = sourcecode.c.h; path = QFNUMainViewController.h; sourceTree = "<group>"; };
		2600C1EB2015B50B002A67F8 /* QFNUMainViewController.m */ = {isa = PBXFileReference; fileEncoding = 4; lastKnownFileType = sourcecode.c.objc; path = QFNUMainViewController.m; sourceTree = "<group>"; };
		2600C1F22015D688002A67F8 /* like.caf */ = {isa = PBXFileReference; lastKnownFileType = file; path = like.caf; sourceTree = "<group>"; };
		264D74C3202BEAF40018D236 /* CFWebViewController.m */ = {isa = PBXFileReference; fileEncoding = 4; lastKnownFileType = sourcecode.c.objc; path = CFWebViewController.m; sourceTree = "<group>"; };
		264D74C4202BEAF50018D236 /* CFWebViewController.h */ = {isa = PBXFileReference; fileEncoding = 4; lastKnownFileType = sourcecode.c.h; path = CFWebViewController.h; sourceTree = "<group>"; };
		264D74C8202BEAFA0018D236 /* LeftSortsController.h */ = {isa = PBXFileReference; fileEncoding = 4; lastKnownFileType = sourcecode.c.h; path = LeftSortsController.h; sourceTree = "<group>"; };
		264D74C9202BEAFA0018D236 /* LeftSortsController.m */ = {isa = PBXFileReference; fileEncoding = 4; lastKnownFileType = sourcecode.c.objc; path = LeftSortsController.m; sourceTree = "<group>"; };
		264D74CC202BEAFA0018D236 /* MainController.h */ = {isa = PBXFileReference; fileEncoding = 4; lastKnownFileType = sourcecode.c.h; path = MainController.h; sourceTree = "<group>"; };
		264D74CD202BEAFA0018D236 /* MainController.m */ = {isa = PBXFileReference; fileEncoding = 4; lastKnownFileType = sourcecode.c.objc; path = MainController.m; sourceTree = "<group>"; };
		264D74CF202BEAFA0018D236 /* TQMultistageTableView.h */ = {isa = PBXFileReference; fileEncoding = 4; lastKnownFileType = sourcecode.c.h; path = TQMultistageTableView.h; sourceTree = "<group>"; };
		264D74D0202BEAFA0018D236 /* TQMultistageTableView.m */ = {isa = PBXFileReference; fileEncoding = 4; lastKnownFileType = sourcecode.c.objc; path = TQMultistageTableView.m; sourceTree = "<group>"; };
		264D74D5202BEAFA0018D236 /* MainButtonData.plist */ = {isa = PBXFileReference; fileEncoding = 4; lastKnownFileType = text.plist.xml; path = MainButtonData.plist; sourceTree = "<group>"; };
		264D74D6202BEAFA0018D236 /* MainButtonModel.h */ = {isa = PBXFileReference; fileEncoding = 4; lastKnownFileType = sourcecode.c.h; path = MainButtonModel.h; sourceTree = "<group>"; };
		264D74D7202BEAFA0018D236 /* MainButtonModel.m */ = {isa = PBXFileReference; fileEncoding = 4; lastKnownFileType = sourcecode.c.objc; path = MainButtonModel.m; sourceTree = "<group>"; };
		264D74D9202BEAFA0018D236 /* MainButtonView.h */ = {isa = PBXFileReference; fileEncoding = 4; lastKnownFileType = sourcecode.c.h; path = MainButtonView.h; sourceTree = "<group>"; };
		264D74DA202BEAFA0018D236 /* MainButtonView.m */ = {isa = PBXFileReference; fileEncoding = 4; lastKnownFileType = sourcecode.c.objc; path = MainButtonView.m; sourceTree = "<group>"; };
		264D74DB202BEAFA0018D236 /* MainHeadScrollView.h */ = {isa = PBXFileReference; fileEncoding = 4; lastKnownFileType = sourcecode.c.h; path = MainHeadScrollView.h; sourceTree = "<group>"; };
		264D74DC202BEAFA0018D236 /* MainHeadScrollView.m */ = {isa = PBXFileReference; fileEncoding = 4; lastKnownFileType = sourcecode.c.objc; path = MainHeadScrollView.m; sourceTree = "<group>"; };
		264D74E8202C1F670018D236 /* NJKWebViewProgress.h */ = {isa = PBXFileReference; fileEncoding = 4; lastKnownFileType = sourcecode.c.h; path = NJKWebViewProgress.h; sourceTree = "<group>"; };
		264D74E9202C1F670018D236 /* NJKWebViewProgress.m */ = {isa = PBXFileReference; fileEncoding = 4; lastKnownFileType = sourcecode.c.objc; path = NJKWebViewProgress.m; sourceTree = "<group>"; };
		264D74EA202C1F670018D236 /* NJKWebViewProgressView.h */ = {isa = PBXFileReference; fileEncoding = 4; lastKnownFileType = sourcecode.c.h; path = NJKWebViewProgressView.h; sourceTree = "<group>"; };
		264D74EB202C1F670018D236 /* NJKWebViewProgressView.m */ = {isa = PBXFileReference; fileEncoding = 4; lastKnownFileType = sourcecode.c.objc; path = NJKWebViewProgressView.m; sourceTree = "<group>"; };
		264D74EE202C319E0018D236 /* QFInfo.h */ = {isa = PBXFileReference; fileEncoding = 4; lastKnownFileType = sourcecode.c.h; path = QFInfo.h; sourceTree = "<group>"; };
		264D74EF202C319E0018D236 /* QFInfo.m */ = {isa = PBXFileReference; fileEncoding = 4; lastKnownFileType = sourcecode.c.objc; path = QFInfo.m; sourceTree = "<group>"; };
		264D74F1202C35830018D236 /* MessageUI.framework */ = {isa = PBXFileReference; lastKnownFileType = wrapper.framework; name = MessageUI.framework; path = System/Library/Frameworks/MessageUI.framework; sourceTree = SDKROOT; };
		26918E1D2050FE8A004D190C /* HolidayMolde.h */ = {isa = PBXFileReference; lastKnownFileType = sourcecode.c.h; name = HolidayMolde.h; path = "/Users/lyngame/Desktop/NewiOSOfQFNU/NewiOSOfQFNU/NewiOSOfQFNU/Main(首页)/Model/HolidayMolde.h"; sourceTree = "<absolute>"; };
		26918E1E2050FE8B004D190C /* HolidayMolde.m */ = {isa = PBXFileReference; lastKnownFileType = sourcecode.c.objc; name = HolidayMolde.m; path = "/Users/lyngame/Desktop/NewiOSOfQFNU/NewiOSOfQFNU/NewiOSOfQFNU/Main(首页)/Model/HolidayMolde.m"; sourceTree = "<absolute>"; };
		26931EC1201B0620009C6E8B /* navigation_back_white@2x.png */ = {isa = PBXFileReference; lastKnownFileType = image.png; path = "navigation_back_white@2x.png"; sourceTree = "<group>"; };
		26931EC2201B0620009C6E8B /* navigation_back@2x.png */ = {isa = PBXFileReference; lastKnownFileType = image.png; path = "navigation_back@2x.png"; sourceTree = "<group>"; };
		26931ED1201B1275009C6E8B /* ZMMessageView.h */ = {isa = PBXFileReference; fileEncoding = 4; lastKnownFileType = sourcecode.c.h; path = ZMMessageView.h; sourceTree = "<group>"; };
		26931ED2201B1275009C6E8B /* ZMMessageView.m */ = {isa = PBXFileReference; fileEncoding = 4; lastKnownFileType = sourcecode.c.objc; path = ZMMessageView.m; sourceTree = "<group>"; };
		26931ED3201B1275009C6E8B /* ZMMineView.h */ = {isa = PBXFileReference; fileEncoding = 4; lastKnownFileType = sourcecode.c.h; path = ZMMineView.h; sourceTree = "<group>"; };
		26931ED4201B1275009C6E8B /* ZMMineView.m */ = {isa = PBXFileReference; fileEncoding = 4; lastKnownFileType = sourcecode.c.objc; path = ZMMineView.m; sourceTree = "<group>"; };
		26931ED5201B1275009C6E8B /* ZMMineViewController.h */ = {isa = PBXFileReference; fileEncoding = 4; lastKnownFileType = sourcecode.c.h; path = ZMMineViewController.h; sourceTree = "<group>"; };
		26931ED6201B1275009C6E8B /* ZMMineViewController.m */ = {isa = PBXFileReference; fileEncoding = 4; lastKnownFileType = sourcecode.c.objc; path = ZMMineViewController.m; sourceTree = "<group>"; };
		26931ED7201B1275009C6E8B /* ZMProfileView.h */ = {isa = PBXFileReference; fileEncoding = 4; lastKnownFileType = sourcecode.c.h; path = ZMProfileView.h; sourceTree = "<group>"; };
		26931ED8201B1275009C6E8B /* ZMProfileView.m */ = {isa = PBXFileReference; fileEncoding = 4; lastKnownFileType = sourcecode.c.objc; path = ZMProfileView.m; sourceTree = "<group>"; };
		26931ED9201B1275009C6E8B /* ZMProfileViewController.h */ = {isa = PBXFileReference; fileEncoding = 4; lastKnownFileType = sourcecode.c.h; path = ZMProfileViewController.h; sourceTree = "<group>"; };
		26931EDA201B1275009C6E8B /* ZMProfileViewController.m */ = {isa = PBXFileReference; fileEncoding = 4; lastKnownFileType = sourcecode.c.objc; path = ZMProfileViewController.m; sourceTree = "<group>"; };
		26931EDB201B1275009C6E8B /* ZMSetupView.h */ = {isa = PBXFileReference; fileEncoding = 4; lastKnownFileType = sourcecode.c.h; path = ZMSetupView.h; sourceTree = "<group>"; };
		26931EDC201B1275009C6E8B /* ZMSetupView.m */ = {isa = PBXFileReference; fileEncoding = 4; lastKnownFileType = sourcecode.c.objc; path = ZMSetupView.m; sourceTree = "<group>"; };
		26931EDD201B1275009C6E8B /* ZMSetupViewController.h */ = {isa = PBXFileReference; fileEncoding = 4; lastKnownFileType = sourcecode.c.h; path = ZMSetupViewController.h; sourceTree = "<group>"; };
		26931EDE201B1275009C6E8B /* ZMSetupViewController.m */ = {isa = PBXFileReference; fileEncoding = 4; lastKnownFileType = sourcecode.c.objc; path = ZMSetupViewController.m; sourceTree = "<group>"; };
		26931EE0201B1275009C6E8B /* ZMProfileViewCell.h */ = {isa = PBXFileReference; fileEncoding = 4; lastKnownFileType = sourcecode.c.h; path = ZMProfileViewCell.h; sourceTree = "<group>"; };
		26931EE1201B1275009C6E8B /* ZMProfileViewCell.m */ = {isa = PBXFileReference; fileEncoding = 4; lastKnownFileType = sourcecode.c.objc; path = ZMProfileViewCell.m; sourceTree = "<group>"; };
		26931EE2201B1275009C6E8B /* ZMSetupViewCell.h */ = {isa = PBXFileReference; fileEncoding = 4; lastKnownFileType = sourcecode.c.h; path = ZMSetupViewCell.h; sourceTree = "<group>"; };
		26931EE3201B1275009C6E8B /* ZMSetupViewCell.m */ = {isa = PBXFileReference; fileEncoding = 4; lastKnownFileType = sourcecode.c.objc; path = ZMSetupViewCell.m; sourceTree = "<group>"; };
		26931EED201B242E009C6E8B /* ZMMineLoginViewCell.m */ = {isa = PBXFileReference; fileEncoding = 4; lastKnownFileType = sourcecode.c.objc; path = ZMMineLoginViewCell.m; sourceTree = "<group>"; };
		26931EEE201B242E009C6E8B /* ZMMineLoginViewCell.h */ = {isa = PBXFileReference; fileEncoding = 4; lastKnownFileType = sourcecode.c.h; path = ZMMineLoginViewCell.h; sourceTree = "<group>"; };
		26931EF0201B24C2009C6E8B /* YYTableViewCell.m */ = {isa = PBXFileReference; fileEncoding = 4; lastKnownFileType = sourcecode.c.objc; path = YYTableViewCell.m; sourceTree = "<group>"; };
		26931EF1201B24C2009C6E8B /* ZMColor.m */ = {isa = PBXFileReference; fileEncoding = 4; lastKnownFileType = sourcecode.c.objc; path = ZMColor.m; sourceTree = "<group>"; };
		26931EF2201B24C2009C6E8B /* YYTableViewCell.h */ = {isa = PBXFileReference; fileEncoding = 4; lastKnownFileType = sourcecode.c.h; path = YYTableViewCell.h; sourceTree = "<group>"; };
		26931EF3201B24C2009C6E8B /* ZMColor.h */ = {isa = PBXFileReference; fileEncoding = 4; lastKnownFileType = sourcecode.c.h; path = ZMColor.h; sourceTree = "<group>"; };
		26931EF4201B24C2009C6E8B /* YYTableView.m */ = {isa = PBXFileReference; fileEncoding = 4; lastKnownFileType = sourcecode.c.objc; path = YYTableView.m; sourceTree = "<group>"; };
		26931EF5201B24C2009C6E8B /* YYTableView.h */ = {isa = PBXFileReference; fileEncoding = 4; lastKnownFileType = sourcecode.c.h; path = YYTableView.h; sourceTree = "<group>"; };
		26931EF9201B25B9009C6E8B /* ZMUserInfo.h */ = {isa = PBXFileReference; fileEncoding = 4; lastKnownFileType = sourcecode.c.h; path = ZMUserInfo.h; sourceTree = "<group>"; };
		26931EFA201B25B9009C6E8B /* ZMUserInfo.m */ = {isa = PBXFileReference; fileEncoding = 4; lastKnownFileType = sourcecode.c.objc; path = ZMUserInfo.m; sourceTree = "<group>"; };
		26931EFC201B2660009C6E8B /* ZMBaseModel.m */ = {isa = PBXFileReference; fileEncoding = 4; lastKnownFileType = sourcecode.c.objc; path = ZMBaseModel.m; sourceTree = "<group>"; };
		26931EFD201B2661009C6E8B /* ZMBaseModel.h */ = {isa = PBXFileReference; fileEncoding = 4; lastKnownFileType = sourcecode.c.h; path = ZMBaseModel.h; sourceTree = "<group>"; };
		26931F00201B2713009C6E8B /* UIImage+Common.h */ = {isa = PBXFileReference; fileEncoding = 4; lastKnownFileType = sourcecode.c.h; path = "UIImage+Common.h"; sourceTree = "<group>"; };
		26931F01201B2713009C6E8B /* UIImage+Common.m */ = {isa = PBXFileReference; fileEncoding = 4; lastKnownFileType = sourcecode.c.objc; path = "UIImage+Common.m"; sourceTree = "<group>"; };
		2696CAE9203FB27E00885D5E /* logoschool.png */ = {isa = PBXFileReference; lastKnownFileType = image.png; path = logoschool.png; sourceTree = "<group>"; };
		26B1E78720171958009CF9FC /* BaseRequest.m */ = {isa = PBXFileReference; fileEncoding = 4; lastKnownFileType = sourcecode.c.objc; path = BaseRequest.m; sourceTree = "<group>"; };
		26B1E78820171958009CF9FC /* BaseRequest.h */ = {isa = PBXFileReference; fileEncoding = 4; lastKnownFileType = sourcecode.c.h; path = BaseRequest.h; sourceTree = "<group>"; };
		26B1E78A20171CB1009CF9FC /* PrefixHeader.pch */ = {isa = PBXFileReference; lastKnownFileType = sourcecode.c.h; path = PrefixHeader.pch; sourceTree = "<group>"; };
		26B1E78E201726B5009CF9FC /* ZMLoginViewController.h */ = {isa = PBXFileReference; fileEncoding = 4; lastKnownFileType = sourcecode.c.h; path = ZMLoginViewController.h; sourceTree = "<group>"; };
		26B1E78F201726B5009CF9FC /* ZMLoginViewController.m */ = {isa = PBXFileReference; fileEncoding = 4; lastKnownFileType = sourcecode.c.objc; path = ZMLoginViewController.m; sourceTree = "<group>"; };
		26B1E790201726B5009CF9FC /* ZMRegisterViewController.h */ = {isa = PBXFileReference; fileEncoding = 4; lastKnownFileType = sourcecode.c.h; path = ZMRegisterViewController.h; sourceTree = "<group>"; };
		26B1E791201726B5009CF9FC /* ZMRegisterViewController.m */ = {isa = PBXFileReference; fileEncoding = 4; lastKnownFileType = sourcecode.c.objc; path = ZMRegisterViewController.m; sourceTree = "<group>"; };
		26B1E793201726B5009CF9FC /* ZMLoginView.h */ = {isa = PBXFileReference; fileEncoding = 4; lastKnownFileType = sourcecode.c.h; path = ZMLoginView.h; sourceTree = "<group>"; };
		26B1E794201726B5009CF9FC /* ZMLoginView.m */ = {isa = PBXFileReference; fileEncoding = 4; lastKnownFileType = sourcecode.c.objc; path = ZMLoginView.m; sourceTree = "<group>"; };
		26B1E795201726B5009CF9FC /* ZMRegisterView.h */ = {isa = PBXFileReference; fileEncoding = 4; lastKnownFileType = sourcecode.c.h; path = ZMRegisterView.h; sourceTree = "<group>"; };
		26B1E796201726B5009CF9FC /* ZMRegisterView.m */ = {isa = PBXFileReference; fileEncoding = 4; lastKnownFileType = sourcecode.c.objc; path = ZMRegisterView.m; sourceTree = "<group>"; };
		26B1E79B2017279F009CF9FC /* ZMViewController.m */ = {isa = PBXFileReference; fileEncoding = 4; lastKnownFileType = sourcecode.c.objc; path = ZMViewController.m; sourceTree = "<group>"; };
		26B1E79C2017279F009CF9FC /* ZMViewController.h */ = {isa = PBXFileReference; fileEncoding = 4; lastKnownFileType = sourcecode.c.h; path = ZMViewController.h; sourceTree = "<group>"; };
		26B1E79E201727E0009CF9FC /* ZMNavView.h */ = {isa = PBXFileReference; fileEncoding = 4; lastKnownFileType = sourcecode.c.h; path = ZMNavView.h; sourceTree = "<group>"; };
		26B1E79F201727E0009CF9FC /* ZMNavView.m */ = {isa = PBXFileReference; fileEncoding = 4; lastKnownFileType = sourcecode.c.objc; path = ZMNavView.m; sourceTree = "<group>"; };
		26B1E7A1201730BF009CF9FC /* UIView+extension.m */ = {isa = PBXFileReference; fileEncoding = 4; lastKnownFileType = sourcecode.c.objc; path = "UIView+extension.m"; sourceTree = "<group>"; };
		26B1E7A2201730C0009CF9FC /* UIView+extension.h */ = {isa = PBXFileReference; fileEncoding = 4; lastKnownFileType = sourcecode.c.h; path = "UIView+extension.h"; sourceTree = "<group>"; };
		26BF998D203D071C00F09C14 /* icon_telephone@2x.png */ = {isa = PBXFileReference; lastKnownFileType = image.png; path = "icon_telephone@2x.png"; sourceTree = "<group>"; };
		26BF998E203D071D00F09C14 /* login_bg_640X1136@2x.png */ = {isa = PBXFileReference; lastKnownFileType = image.png; path = "login_bg_640X1136@2x.png"; sourceTree = "<group>"; };
		26BF998F203D071D00F09C14 /* icon_lock@2x.png */ = {isa = PBXFileReference; lastKnownFileType = image.png; path = "icon_lock@2x.png"; sourceTree = "<group>"; };
		26BF9993203D122400F09C14 /* qfnulogo.png */ = {isa = PBXFileReference; lastKnownFileType = image.png; path = qfnulogo.png; sourceTree = "<group>"; };
		26C6DB5A20104972006BE6FE /* NewiOSOfQFNU.app */ = {isa = PBXFileReference; explicitFileType = wrapper.application; includeInIndex = 0; path = NewiOSOfQFNU.app; sourceTree = BUILT_PRODUCTS_DIR; };
		26C6DB5D20104972006BE6FE /* AppDelegate.h */ = {isa = PBXFileReference; lastKnownFileType = sourcecode.c.h; path = AppDelegate.h; sourceTree = "<group>"; };
		26C6DB5E20104972006BE6FE /* AppDelegate.m */ = {isa = PBXFileReference; lastKnownFileType = sourcecode.c.objc; path = AppDelegate.m; sourceTree = "<group>"; };
		26C6DB6020104972006BE6FE /* ViewController.h */ = {isa = PBXFileReference; lastKnownFileType = sourcecode.c.h; path = ViewController.h; sourceTree = "<group>"; };
		26C6DB6120104972006BE6FE /* ViewController.m */ = {isa = PBXFileReference; lastKnownFileType = sourcecode.c.objc; path = ViewController.m; sourceTree = "<group>"; };
		26C6DB6420104972006BE6FE /* Base */ = {isa = PBXFileReference; lastKnownFileType = file.storyboard; name = Base; path = Base.lproj/Main.storyboard; sourceTree = "<group>"; };
		26C6DB6620104972006BE6FE /* Assets.xcassets */ = {isa = PBXFileReference; lastKnownFileType = folder.assetcatalog; path = Assets.xcassets; sourceTree = "<group>"; };
		26C6DB6920104972006BE6FE /* Base */ = {isa = PBXFileReference; lastKnownFileType = file.storyboard; name = Base; path = Base.lproj/LaunchScreen.storyboard; sourceTree = "<group>"; };
		26C6DB6B20104972006BE6FE /* Info.plist */ = {isa = PBXFileReference; lastKnownFileType = text.plist.xml; path = Info.plist; sourceTree = "<group>"; };
		26C6DB6C20104972006BE6FE /* main.m */ = {isa = PBXFileReference; lastKnownFileType = sourcecode.c.objc; path = main.m; sourceTree = "<group>"; };
		26C6DB7220104973006BE6FE /* NewiOSOfQFNUTests.xctest */ = {isa = PBXFileReference; explicitFileType = wrapper.cfbundle; includeInIndex = 0; path = NewiOSOfQFNUTests.xctest; sourceTree = BUILT_PRODUCTS_DIR; };
		26C6DB7620104973006BE6FE /* NewiOSOfQFNUTests.m */ = {isa = PBXFileReference; lastKnownFileType = sourcecode.c.objc; path = NewiOSOfQFNUTests.m; sourceTree = "<group>"; };
		26C6DB7820104973006BE6FE /* Info.plist */ = {isa = PBXFileReference; lastKnownFileType = text.plist.xml; path = Info.plist; sourceTree = "<group>"; };
		26C6DB7D20104973006BE6FE /* NewiOSOfQFNUUITests.xctest */ = {isa = PBXFileReference; explicitFileType = wrapper.cfbundle; includeInIndex = 0; path = NewiOSOfQFNUUITests.xctest; sourceTree = BUILT_PRODUCTS_DIR; };
		26C6DB8120104973006BE6FE /* NewiOSOfQFNUUITests.m */ = {isa = PBXFileReference; lastKnownFileType = sourcecode.c.objc; path = NewiOSOfQFNUUITests.m; sourceTree = "<group>"; };
		26C6DB8320104973006BE6FE /* Info.plist */ = {isa = PBXFileReference; lastKnownFileType = text.plist.xml; path = Info.plist; sourceTree = "<group>"; };
		26E11A23202AED3E0042737E /* login_alert_cancel@2x.png */ = {isa = PBXFileReference; lastKnownFileType = image.png; path = "login_alert_cancel@2x.png"; sourceTree = "<group>"; };
		4ECBEF028583B85DB846CAE3 /* Pods-NewiOSOfQFNUTests.debug.xcconfig */ = {isa = PBXFileReference; includeInIndex = 1; lastKnownFileType = text.xcconfig; name = "Pods-NewiOSOfQFNUTests.debug.xcconfig"; path = "Pods/Target Support Files/Pods-NewiOSOfQFNUTests/Pods-NewiOSOfQFNUTests.debug.xcconfig"; sourceTree = "<group>"; };
		60D8DDBA53E6C439CEF6AC85 /* Pods-NewiOSOfQFNUUITests.debug.xcconfig */ = {isa = PBXFileReference; includeInIndex = 1; lastKnownFileType = text.xcconfig; name = "Pods-NewiOSOfQFNUUITests.debug.xcconfig"; path = "Pods/Target Support Files/Pods-NewiOSOfQFNUUITests/Pods-NewiOSOfQFNUUITests.debug.xcconfig"; sourceTree = "<group>"; };
		61C5AB7430127EBAE2BF922E /* Pods-NewiOSOfQFNU.release.xcconfig */ = {isa = PBXFileReference; includeInIndex = 1; lastKnownFileType = text.xcconfig; name = "Pods-NewiOSOfQFNU.release.xcconfig"; path = "Pods/Target Support Files/Pods-NewiOSOfQFNU/Pods-NewiOSOfQFNU.release.xcconfig"; sourceTree = "<group>"; };
		68F7F401829802767F9C6EA0 /* Pods-NewiOSOfQFNUTests.release.xcconfig */ = {isa = PBXFileReference; includeInIndex = 1; lastKnownFileType = text.xcconfig; name = "Pods-NewiOSOfQFNUTests.release.xcconfig"; path = "Pods/Target Support Files/Pods-NewiOSOfQFNUTests/Pods-NewiOSOfQFNUTests.release.xcconfig"; sourceTree = "<group>"; };
		6F67A6CC60FDF8CC4A46F169 /* Pods-NewiOSOfQFNU.debug.xcconfig */ = {isa = PBXFileReference; includeInIndex = 1; lastKnownFileType = text.xcconfig; name = "Pods-NewiOSOfQFNU.debug.xcconfig"; path = "Pods/Target Support Files/Pods-NewiOSOfQFNU/Pods-NewiOSOfQFNU.debug.xcconfig"; sourceTree = "<group>"; };
		7D8F6C1E7675E848EC824A1E /* libPods-NewiOSOfQFNU.a */ = {isa = PBXFileReference; explicitFileType = archive.ar; includeInIndex = 0; path = "libPods-NewiOSOfQFNU.a"; sourceTree = BUILT_PRODUCTS_DIR; };
		A3CFD5F1DB2E0CA55448B0A8 /* libPods-NewiOSOfQFNUUITests.a */ = {isa = PBXFileReference; explicitFileType = archive.ar; includeInIndex = 0; path = "libPods-NewiOSOfQFNUUITests.a"; sourceTree = BUILT_PRODUCTS_DIR; };
		B7219B57E9FF741A2C90DB2F /* Pods-NewiOSOfQFNUUITests.release.xcconfig */ = {isa = PBXFileReference; includeInIndex = 1; lastKnownFileType = text.xcconfig; name = "Pods-NewiOSOfQFNUUITests.release.xcconfig"; path = "Pods/Target Support Files/Pods-NewiOSOfQFNUUITests/Pods-NewiOSOfQFNUUITests.release.xcconfig"; sourceTree = "<group>"; };
		C8B1B1EB8522FB185B2F13A4 /* libPods-NewiOSOfQFNUTests.a */ = {isa = PBXFileReference; explicitFileType = archive.ar; includeInIndex = 0; path = "libPods-NewiOSOfQFNUTests.a"; sourceTree = BUILT_PRODUCTS_DIR; };
/* End PBXFileReference section */

/* Begin PBXFrameworksBuildPhase section */
		26C6DB5720104972006BE6FE /* Frameworks */ = {
			isa = PBXFrameworksBuildPhase;
			buildActionMask = 2147483647;
			files = (
				264D74F2202C35830018D236 /* MessageUI.framework in Frameworks */,
				CD9D038F6BD564D92AF8E7FF /* libPods-NewiOSOfQFNU.a in Frameworks */,
			);
			runOnlyForDeploymentPostprocessing = 0;
		};
		26C6DB6F20104973006BE6FE /* Frameworks */ = {
			isa = PBXFrameworksBuildPhase;
			buildActionMask = 2147483647;
			files = (
				D8AAD88B610CB783F350C592 /* libPods-NewiOSOfQFNUTests.a in Frameworks */,
			);
			runOnlyForDeploymentPostprocessing = 0;
		};
		26C6DB7A20104973006BE6FE /* Frameworks */ = {
			isa = PBXFrameworksBuildPhase;
			buildActionMask = 2147483647;
			files = (
				19DBB89A2ED79FE1EFA92F77 /* libPods-NewiOSOfQFNUUITests.a in Frameworks */,
			);
			runOnlyForDeploymentPostprocessing = 0;
		};
/* End PBXFrameworksBuildPhase section */

/* Begin PBXGroup section */
		2600C19B20158D47002A67F8 /* AboutUs(关于我们) */ = {
			isa = PBXGroup;
			children = (
				2600C19C20158D47002A67F8 /* Controller */,
				2600C19F20158D47002A67F8 /* View */,
			);
			path = "AboutUs(关于我们)";
			sourceTree = "<group>";
		};
		2600C19C20158D47002A67F8 /* Controller */ = {
			isa = PBXGroup;
			children = (
				2600C19D20158D47002A67F8 /* QFNUAboutUsController.h */,
				2600C19E20158D47002A67F8 /* QFNUAboutUsController.m */,
			);
			path = Controller;
			sourceTree = "<group>";
		};
		2600C19F20158D47002A67F8 /* View */ = {
			isa = PBXGroup;
			children = (
				2600C1A020158D47002A67F8 /* AboutUsView.h */,
				2600C1A120158D47002A67F8 /* AboutUsView.m */,
				2600C1A220158D47002A67F8 /* AboutUsView.xib */,
			);
			path = View;
			sourceTree = "<group>";
		};
		2600C1AA20158D48002A67F8 /* BaseView */ = {
			isa = PBXGroup;
			children = (
				2600C1E72015B50B002A67F8 /* BASE */,
			);
			path = BaseView;
			sourceTree = "<group>";
		};
		2600C1AB20158D48002A67F8 /* CConsult(校园资讯) */ = {
			isa = PBXGroup;
			children = (
				2600C1AC20158D48002A67F8 /* Controller */,
			);
			path = "CConsult(校园资讯)";
			sourceTree = "<group>";
		};
		2600C1AC20158D48002A67F8 /* Controller */ = {
			isa = PBXGroup;
			children = (
				2600C1AD20158D48002A67F8 /* QFNUCConsultController.h */,
				2600C1AE20158D48002A67F8 /* QFNUCConsultController.m */,
			);
			path = Controller;
			sourceTree = "<group>";
		};
		2600C1CC20158D49002A67F8 /* Tool */ = {
			isa = PBXGroup;
			children = (
				264D74EE202C319E0018D236 /* QFInfo.h */,
				264D74EF202C319E0018D236 /* QFInfo.m */,
				264D74E7202C1F670018D236 /* NJKWebViewProgress */,
				26931EFD201B2661009C6E8B /* ZMBaseModel.h */,
				26931EFC201B2660009C6E8B /* ZMBaseModel.m */,
				26931EF9201B25B9009C6E8B /* ZMUserInfo.h */,
				26931EFA201B25B9009C6E8B /* ZMUserInfo.m */,
				26931EF5201B24C2009C6E8B /* YYTableView.h */,
				26931EF4201B24C2009C6E8B /* YYTableView.m */,
				26931EF2201B24C2009C6E8B /* YYTableViewCell.h */,
				26931EF0201B24C2009C6E8B /* YYTableViewCell.m */,
				26931EF3201B24C2009C6E8B /* ZMColor.h */,
				26931EF1201B24C2009C6E8B /* ZMColor.m */,
			);
			path = Tool;
			sourceTree = "<group>";
		};
		2600C1E22015AF25002A67F8 /* Frameworks */ = {
			isa = PBXGroup;
			children = (
				264D74F1202C35830018D236 /* MessageUI.framework */,
				2600C1E32015AF25002A67F8 /* AudioToolbox.framework */,
				7D8F6C1E7675E848EC824A1E /* libPods-NewiOSOfQFNU.a */,
				C8B1B1EB8522FB185B2F13A4 /* libPods-NewiOSOfQFNUTests.a */,
				A3CFD5F1DB2E0CA55448B0A8 /* libPods-NewiOSOfQFNUUITests.a */,
			);
			name = Frameworks;
			sourceTree = "<group>";
		};
		2600C1E72015B50B002A67F8 /* BASE */ = {
			isa = PBXGroup;
			children = (
				26B1E7A2201730C0009CF9FC /* UIView+extension.h */,
				26B1E7A1201730BF009CF9FC /* UIView+extension.m */,
				26B1E79E201727E0009CF9FC /* ZMNavView.h */,
				26B1E79F201727E0009CF9FC /* ZMNavView.m */,
				26B1E79C2017279F009CF9FC /* ZMViewController.h */,
				26B1E79B2017279F009CF9FC /* ZMViewController.m */,
				26B1E78820171958009CF9FC /* BaseRequest.h */,
				26B1E78720171958009CF9FC /* BaseRequest.m */,
				2600C1E82015B50B002A67F8 /* BaseNavigationController.h */,
				2600C1E92015B50B002A67F8 /* BaseNavigationController.m */,
				2600C1EA2015B50B002A67F8 /* QFNUMainViewController.h */,
				2600C1EB2015B50B002A67F8 /* QFNUMainViewController.m */,
			);
			path = BASE;
			sourceTree = "<group>";
		};
		2600C1F12015D688002A67F8 /* Resources */ = {
			isa = PBXGroup;
			children = (
				2696CAE9203FB27E00885D5E /* logoschool.png */,
				26BF9993203D122400F09C14 /* qfnulogo.png */,
				26BF998F203D071D00F09C14 /* icon_lock@2x.png */,
				26BF998D203D071C00F09C14 /* icon_telephone@2x.png */,
				26BF998E203D071D00F09C14 /* login_bg_640X1136@2x.png */,
				26E11A23202AED3E0042737E /* login_alert_cancel@2x.png */,
				26931EC1201B0620009C6E8B /* navigation_back_white@2x.png */,
				26931EC2201B0620009C6E8B /* navigation_back@2x.png */,
				2600C1F22015D688002A67F8 /* like.caf */,
			);
			path = Resources;
			sourceTree = "<group>";
		};
		264D74C6202BEAFA0018D236 /* Main(首页) */ = {
			isa = PBXGroup;
			children = (
				264D74C7202BEAFA0018D236 /* Controller */,
				264D74D4202BEAFA0018D236 /* Model */,
				264D74D8202BEAFA0018D236 /* View */,
			);
			path = "Main(首页)";
			sourceTree = "<group>";
		};
		264D74C7202BEAFA0018D236 /* Controller */ = {
			isa = PBXGroup;
			children = (
				264D74C8202BEAFA0018D236 /* LeftSortsController.h */,
				264D74C9202BEAFA0018D236 /* LeftSortsController.m */,
				264D74CC202BEAFA0018D236 /* MainController.h */,
				264D74CD202BEAFA0018D236 /* MainController.m */,
				264D74CE202BEAFA0018D236 /* Tab */,
			);
			path = Controller;
			sourceTree = "<group>";
		};
		264D74CE202BEAFA0018D236 /* Tab */ = {
			isa = PBXGroup;
			children = (
				264D74CF202BEAFA0018D236 /* TQMultistageTableView.h */,
				264D74D0202BEAFA0018D236 /* TQMultistageTableView.m */,
			);
			path = Tab;
			sourceTree = "<group>";
		};
		264D74D4202BEAFA0018D236 /* Model */ = {
			isa = PBXGroup;
			children = (
				26918E1D2050FE8A004D190C /* HolidayMolde.h */,
				26918E1E2050FE8B004D190C /* HolidayMolde.m */,
				264D74D5202BEAFA0018D236 /* MainButtonData.plist */,
				264D74D6202BEAFA0018D236 /* MainButtonModel.h */,
				264D74D7202BEAFA0018D236 /* MainButtonModel.m */,
			);
			path = Model;
			sourceTree = "<group>";
		};
		264D74D8202BEAFA0018D236 /* View */ = {
			isa = PBXGroup;
			children = (
				264D74D9202BEAFA0018D236 /* MainButtonView.h */,
				264D74DA202BEAFA0018D236 /* MainButtonView.m */,
				264D74DB202BEAFA0018D236 /* MainHeadScrollView.h */,
				264D74DC202BEAFA0018D236 /* MainHeadScrollView.m */,
			);
			path = View;
			sourceTree = "<group>";
		};
		264D74E7202C1F670018D236 /* NJKWebViewProgress */ = {
			isa = PBXGroup;
			children = (
				264D74E8202C1F670018D236 /* NJKWebViewProgress.h */,
				264D74E9202C1F670018D236 /* NJKWebViewProgress.m */,
				264D74EA202C1F670018D236 /* NJKWebViewProgressView.h */,
				264D74EB202C1F670018D236 /* NJKWebViewProgressView.m */,
			);
			path = NJKWebViewProgress;
			sourceTree = "<group>";
		};
		26931ECF201B1275009C6E8B /* Mine */ = {
			isa = PBXGroup;
			children = (
				26931ED0201B1275009C6E8B /* Controller */,
				26931EDF201B1275009C6E8B /* View */,
			);
			path = Mine;
			sourceTree = "<group>";
		};
		26931ED0201B1275009C6E8B /* Controller */ = {
			isa = PBXGroup;
			children = (
				26931ED1201B1275009C6E8B /* ZMMessageView.h */,
				26931ED2201B1275009C6E8B /* ZMMessageView.m */,
				26931ED3201B1275009C6E8B /* ZMMineView.h */,
				26931ED4201B1275009C6E8B /* ZMMineView.m */,
				26931ED5201B1275009C6E8B /* ZMMineViewController.h */,
				26931ED6201B1275009C6E8B /* ZMMineViewController.m */,
				26931ED7201B1275009C6E8B /* ZMProfileView.h */,
				26931ED8201B1275009C6E8B /* ZMProfileView.m */,
				26931ED9201B1275009C6E8B /* ZMProfileViewController.h */,
				26931EDA201B1275009C6E8B /* ZMProfileViewController.m */,
				26931EDB201B1275009C6E8B /* ZMSetupView.h */,
				26931EDC201B1275009C6E8B /* ZMSetupView.m */,
				26931EDD201B1275009C6E8B /* ZMSetupViewController.h */,
				26931EDE201B1275009C6E8B /* ZMSetupViewController.m */,
			);
			path = Controller;
			sourceTree = "<group>";
		};
		26931EDF201B1275009C6E8B /* View */ = {
			isa = PBXGroup;
			children = (
				26931EEE201B242E009C6E8B /* ZMMineLoginViewCell.h */,
				26931EED201B242E009C6E8B /* ZMMineLoginViewCell.m */,
				26931EE0201B1275009C6E8B /* ZMProfileViewCell.h */,
				26931EE1201B1275009C6E8B /* ZMProfileViewCell.m */,
				26931EE2201B1275009C6E8B /* ZMSetupViewCell.h */,
				26931EE3201B1275009C6E8B /* ZMSetupViewCell.m */,
			);
			path = View;
			sourceTree = "<group>";
		};
		26931EFF201B2713009C6E8B /* other(第三方) */ = {
			isa = PBXGroup;
			children = (
				264D74C4202BEAF50018D236 /* CFWebViewController.h */,
				264D74C3202BEAF40018D236 /* CFWebViewController.m */,
				26931F00201B2713009C6E8B /* UIImage+Common.h */,
				26931F01201B2713009C6E8B /* UIImage+Common.m */,
			);
			path = "other(第三方)";
			sourceTree = "<group>";
		};
		26B1E78C201726B5009CF9FC /* Login */ = {
			isa = PBXGroup;
			children = (
				26B1E78D201726B5009CF9FC /* Controller */,
				26B1E792201726B5009CF9FC /* View */,
			);
			path = Login;
			sourceTree = "<group>";
		};
		26B1E78D201726B5009CF9FC /* Controller */ = {
			isa = PBXGroup;
			children = (
				26B1E78E201726B5009CF9FC /* ZMLoginViewController.h */,
				26B1E78F201726B5009CF9FC /* ZMLoginViewController.m */,
				26B1E790201726B5009CF9FC /* ZMRegisterViewController.h */,
				26B1E791201726B5009CF9FC /* ZMRegisterViewController.m */,
			);
			path = Controller;
			sourceTree = "<group>";
		};
		26B1E792201726B5009CF9FC /* View */ = {
			isa = PBXGroup;
			children = (
				26B1E793201726B5009CF9FC /* ZMLoginView.h */,
				26B1E794201726B5009CF9FC /* ZMLoginView.m */,
				26B1E795201726B5009CF9FC /* ZMRegisterView.h */,
				26B1E796201726B5009CF9FC /* ZMRegisterView.m */,
			);
			path = View;
			sourceTree = "<group>";
		};
		26C6DB5120104971006BE6FE = {
			isa = PBXGroup;
			children = (
				26C6DB5C20104972006BE6FE /* NewiOSOfQFNU */,
				26C6DB7520104973006BE6FE /* NewiOSOfQFNUTests */,
				26C6DB8020104973006BE6FE /* NewiOSOfQFNUUITests */,
				26C6DB5B20104972006BE6FE /* Products */,
				2600C1E22015AF25002A67F8 /* Frameworks */,
				7F8A818D0F0590F3349F673E /* Pods */,
			);
			sourceTree = "<group>";
		};
		26C6DB5B20104972006BE6FE /* Products */ = {
			isa = PBXGroup;
			children = (
				26C6DB5A20104972006BE6FE /* NewiOSOfQFNU.app */,
				26C6DB7220104973006BE6FE /* NewiOSOfQFNUTests.xctest */,
				26C6DB7D20104973006BE6FE /* NewiOSOfQFNUUITests.xctest */,
			);
			name = Products;
			sourceTree = "<group>";
		};
		26C6DB5C20104972006BE6FE /* NewiOSOfQFNU */ = {
			isa = PBXGroup;
			children = (
				264D74C6202BEAFA0018D236 /* Main(首页) */,
				26931EFF201B2713009C6E8B /* other(第三方) */,
				2600C1F12015D688002A67F8 /* Resources */,
				26B1E78C201726B5009CF9FC /* Login */,
				26931ECF201B1275009C6E8B /* Mine */,
				2600C19B20158D47002A67F8 /* AboutUs(关于我们) */,
				2600C1AA20158D48002A67F8 /* BaseView */,
				2600C1AB20158D48002A67F8 /* CConsult(校园资讯) */,
				2600C1CC20158D49002A67F8 /* Tool */,
				26C6DB5D20104972006BE6FE /* AppDelegate.h */,
				26C6DB5E20104972006BE6FE /* AppDelegate.m */,
				26C6DB6020104972006BE6FE /* ViewController.h */,
				26C6DB6120104972006BE6FE /* ViewController.m */,
				26C6DB6320104972006BE6FE /* Main.storyboard */,
				26C6DB6620104972006BE6FE /* Assets.xcassets */,
				26C6DB6820104972006BE6FE /* LaunchScreen.storyboard */,
				26C6DB6B20104972006BE6FE /* Info.plist */,
				26C6DB6C20104972006BE6FE /* main.m */,
				26B1E78A20171CB1009CF9FC /* PrefixHeader.pch */,
			);
			path = NewiOSOfQFNU;
			sourceTree = "<group>";
		};
		26C6DB7520104973006BE6FE /* NewiOSOfQFNUTests */ = {
			isa = PBXGroup;
			children = (
				26C6DB7620104973006BE6FE /* NewiOSOfQFNUTests.m */,
				26C6DB7820104973006BE6FE /* Info.plist */,
			);
			path = NewiOSOfQFNUTests;
			sourceTree = "<group>";
		};
		26C6DB8020104973006BE6FE /* NewiOSOfQFNUUITests */ = {
			isa = PBXGroup;
			children = (
				26C6DB8120104973006BE6FE /* NewiOSOfQFNUUITests.m */,
				26C6DB8320104973006BE6FE /* Info.plist */,
			);
			path = NewiOSOfQFNUUITests;
			sourceTree = "<group>";
		};
		7F8A818D0F0590F3349F673E /* Pods */ = {
			isa = PBXGroup;
			children = (
				6F67A6CC60FDF8CC4A46F169 /* Pods-NewiOSOfQFNU.debug.xcconfig */,
				61C5AB7430127EBAE2BF922E /* Pods-NewiOSOfQFNU.release.xcconfig */,
				4ECBEF028583B85DB846CAE3 /* Pods-NewiOSOfQFNUTests.debug.xcconfig */,
				68F7F401829802767F9C6EA0 /* Pods-NewiOSOfQFNUTests.release.xcconfig */,
				60D8DDBA53E6C439CEF6AC85 /* Pods-NewiOSOfQFNUUITests.debug.xcconfig */,
				B7219B57E9FF741A2C90DB2F /* Pods-NewiOSOfQFNUUITests.release.xcconfig */,
			);
			name = Pods;
			sourceTree = "<group>";
		};
/* End PBXGroup section */

/* Begin PBXNativeTarget section */
		26C6DB5920104972006BE6FE /* NewiOSOfQFNU */ = {
			isa = PBXNativeTarget;
			buildConfigurationList = 26C6DB8620104973006BE6FE /* Build configuration list for PBXNativeTarget "NewiOSOfQFNU" */;
			buildPhases = (
				DB6A83D9098160EA2158A298 /* [CP] Check Pods Manifest.lock */,
				26C6DB5620104972006BE6FE /* Sources */,
				26C6DB5720104972006BE6FE /* Frameworks */,
				26C6DB5820104972006BE6FE /* Resources */,
				4CE77DACD9094511E0FEAA3C /* [CP] Embed Pods Frameworks */,
				6D32162FD05068D829F01D9C /* [CP] Copy Pods Resources */,
			);
			buildRules = (
			);
			dependencies = (
			);
			name = NewiOSOfQFNU;
			productName = NewiOSOfQFNU;
			productReference = 26C6DB5A20104972006BE6FE /* NewiOSOfQFNU.app */;
			productType = "com.apple.product-type.application";
		};
		26C6DB7120104973006BE6FE /* NewiOSOfQFNUTests */ = {
			isa = PBXNativeTarget;
			buildConfigurationList = 26C6DB8920104973006BE6FE /* Build configuration list for PBXNativeTarget "NewiOSOfQFNUTests" */;
			buildPhases = (
				4E84219F8708A4004FB807CC /* [CP] Check Pods Manifest.lock */,
				26C6DB6E20104973006BE6FE /* Sources */,
				26C6DB6F20104973006BE6FE /* Frameworks */,
				26C6DB7020104973006BE6FE /* Resources */,
				F24061D78A67604D8076ADFA /* [CP] Embed Pods Frameworks */,
				DF86AFFE61767BFF592CFA0E /* [CP] Copy Pods Resources */,
			);
			buildRules = (
			);
			dependencies = (
				26C6DB7420104973006BE6FE /* PBXTargetDependency */,
			);
			name = NewiOSOfQFNUTests;
			productName = NewiOSOfQFNUTests;
			productReference = 26C6DB7220104973006BE6FE /* NewiOSOfQFNUTests.xctest */;
			productType = "com.apple.product-type.bundle.unit-test";
		};
		26C6DB7C20104973006BE6FE /* NewiOSOfQFNUUITests */ = {
			isa = PBXNativeTarget;
			buildConfigurationList = 26C6DB8C20104973006BE6FE /* Build configuration list for PBXNativeTarget "NewiOSOfQFNUUITests" */;
			buildPhases = (
				150256EB248BDE3836511C9C /* [CP] Check Pods Manifest.lock */,
				26C6DB7920104973006BE6FE /* Sources */,
				26C6DB7A20104973006BE6FE /* Frameworks */,
				26C6DB7B20104973006BE6FE /* Resources */,
				73E6980994BFEB61EEF93CC7 /* [CP] Embed Pods Frameworks */,
				00FD4291898CCEF820A8CFFD /* [CP] Copy Pods Resources */,
			);
			buildRules = (
			);
			dependencies = (
				26C6DB7F20104973006BE6FE /* PBXTargetDependency */,
			);
			name = NewiOSOfQFNUUITests;
			productName = NewiOSOfQFNUUITests;
			productReference = 26C6DB7D20104973006BE6FE /* NewiOSOfQFNUUITests.xctest */;
			productType = "com.apple.product-type.bundle.ui-testing";
		};
/* End PBXNativeTarget section */

/* Begin PBXProject section */
		26C6DB5220104971006BE6FE /* Project object */ = {
			isa = PBXProject;
			attributes = {
				LastUpgradeCheck = 0910;
				ORGANIZATIONNAME = yida;
				TargetAttributes = {
					26C6DB5920104972006BE6FE = {
						CreatedOnToolsVersion = 9.1;
						ProvisioningStyle = Manual;
					};
					26C6DB7120104973006BE6FE = {
						CreatedOnToolsVersion = 9.1;
						ProvisioningStyle = Automatic;
						TestTargetID = 26C6DB5920104972006BE6FE;
					};
					26C6DB7C20104973006BE6FE = {
						CreatedOnToolsVersion = 9.1;
						ProvisioningStyle = Automatic;
						TestTargetID = 26C6DB5920104972006BE6FE;
					};
				};
			};
			buildConfigurationList = 26C6DB5520104971006BE6FE /* Build configuration list for PBXProject "NewiOSOfQFNU" */;
			compatibilityVersion = "Xcode 8.0";
			developmentRegion = en;
			hasScannedForEncodings = 0;
			knownRegions = (
				en,
				Base,
			);
			mainGroup = 26C6DB5120104971006BE6FE;
			productRefGroup = 26C6DB5B20104972006BE6FE /* Products */;
			projectDirPath = "";
			projectRoot = "";
			targets = (
				26C6DB5920104972006BE6FE /* NewiOSOfQFNU */,
				26C6DB7120104973006BE6FE /* NewiOSOfQFNUTests */,
				26C6DB7C20104973006BE6FE /* NewiOSOfQFNUUITests */,
			);
		};
/* End PBXProject section */

/* Begin PBXResourcesBuildPhase section */
		26C6DB5820104972006BE6FE /* Resources */ = {
			isa = PBXResourcesBuildPhase;
			buildActionMask = 2147483647;
			files = (
				26C6DB6A20104972006BE6FE /* LaunchScreen.storyboard in Resources */,
				26C6DB6720104972006BE6FE /* Assets.xcassets in Resources */,
				26BF9992203D071D00F09C14 /* icon_lock@2x.png in Resources */,
				26BF9991203D071D00F09C14 /* login_bg_640X1136@2x.png in Resources */,
				2600C1CF20158D49002A67F8 /* AboutUsView.xib in Resources */,
				26E11A24202AED3E0042737E /* login_alert_cancel@2x.png in Resources */,
				264D74E3202BEAFB0018D236 /* MainButtonData.plist in Resources */,
				26BF9994203D122500F09C14 /* qfnulogo.png in Resources */,
				2600C1F32015D688002A67F8 /* like.caf in Resources */,
				26C6DB6520104972006BE6FE /* Main.storyboard in Resources */,
				2696CAEA203FB27F00885D5E /* logoschool.png in Resources */,
				26931EC3201B0620009C6E8B /* navigation_back_white@2x.png in Resources */,
				26BF9990203D071D00F09C14 /* icon_telephone@2x.png in Resources */,
				26931EC4201B0620009C6E8B /* navigation_back@2x.png in Resources */,
			);
			runOnlyForDeploymentPostprocessing = 0;
		};
		26C6DB7020104973006BE6FE /* Resources */ = {
			isa = PBXResourcesBuildPhase;
			buildActionMask = 2147483647;
			files = (
			);
			runOnlyForDeploymentPostprocessing = 0;
		};
		26C6DB7B20104973006BE6FE /* Resources */ = {
			isa = PBXResourcesBuildPhase;
			buildActionMask = 2147483647;
			files = (
			);
			runOnlyForDeploymentPostprocessing = 0;
		};
/* End PBXResourcesBuildPhase section */

/* Begin PBXShellScriptBuildPhase section */
		00FD4291898CCEF820A8CFFD /* [CP] Copy Pods Resources */ = {
			isa = PBXShellScriptBuildPhase;
			buildActionMask = 2147483647;
			files = (
			);
			inputPaths = (
			);
			name = "[CP] Copy Pods Resources";
			outputPaths = (
			);
			runOnlyForDeploymentPostprocessing = 0;
			shellPath = /bin/sh;
			shellScript = "\"${SRCROOT}/Pods/Target Support Files/Pods-NewiOSOfQFNUUITests/Pods-NewiOSOfQFNUUITests-resources.sh\"\n";
			showEnvVarsInLog = 0;
		};
		150256EB248BDE3836511C9C /* [CP] Check Pods Manifest.lock */ = {
			isa = PBXShellScriptBuildPhase;
			buildActionMask = 2147483647;
			files = (
			);
			inputPaths = (
				"${PODS_PODFILE_DIR_PATH}/Podfile.lock",
				"${PODS_ROOT}/Manifest.lock",
			);
			name = "[CP] Check Pods Manifest.lock";
			outputPaths = (
				"$(DERIVED_FILE_DIR)/Pods-NewiOSOfQFNUUITests-checkManifestLockResult.txt",
			);
			runOnlyForDeploymentPostprocessing = 0;
			shellPath = /bin/sh;
			shellScript = "diff \"${PODS_PODFILE_DIR_PATH}/Podfile.lock\" \"${PODS_ROOT}/Manifest.lock\" > /dev/null\nif [ $? != 0 ] ; then\n    # print error to STDERR\n    echo \"error: The sandbox is not in sync with the Podfile.lock. Run 'pod install' or update your CocoaPods installation.\" >&2\n    exit 1\nfi\n# This output is used by Xcode 'outputs' to avoid re-running this script phase.\necho \"SUCCESS\" > \"${SCRIPT_OUTPUT_FILE_0}\"\n";
			showEnvVarsInLog = 0;
		};
		4CE77DACD9094511E0FEAA3C /* [CP] Embed Pods Frameworks */ = {
			isa = PBXShellScriptBuildPhase;
			buildActionMask = 2147483647;
			files = (
			);
			inputPaths = (
			);
			name = "[CP] Embed Pods Frameworks";
			outputPaths = (
			);
			runOnlyForDeploymentPostprocessing = 0;
			shellPath = /bin/sh;
			shellScript = "\"${SRCROOT}/Pods/Target Support Files/Pods-NewiOSOfQFNU/Pods-NewiOSOfQFNU-frameworks.sh\"\n";
			showEnvVarsInLog = 0;
		};
		4E84219F8708A4004FB807CC /* [CP] Check Pods Manifest.lock */ = {
			isa = PBXShellScriptBuildPhase;
			buildActionMask = 2147483647;
			files = (
			);
			inputPaths = (
				"${PODS_PODFILE_DIR_PATH}/Podfile.lock",
				"${PODS_ROOT}/Manifest.lock",
			);
			name = "[CP] Check Pods Manifest.lock";
			outputPaths = (
				"$(DERIVED_FILE_DIR)/Pods-NewiOSOfQFNUTests-checkManifestLockResult.txt",
			);
			runOnlyForDeploymentPostprocessing = 0;
			shellPath = /bin/sh;
			shellScript = "diff \"${PODS_PODFILE_DIR_PATH}/Podfile.lock\" \"${PODS_ROOT}/Manifest.lock\" > /dev/null\nif [ $? != 0 ] ; then\n    # print error to STDERR\n    echo \"error: The sandbox is not in sync with the Podfile.lock. Run 'pod install' or update your CocoaPods installation.\" >&2\n    exit 1\nfi\n# This output is used by Xcode 'outputs' to avoid re-running this script phase.\necho \"SUCCESS\" > \"${SCRIPT_OUTPUT_FILE_0}\"\n";
			showEnvVarsInLog = 0;
		};
		6D32162FD05068D829F01D9C /* [CP] Copy Pods Resources */ = {
			isa = PBXShellScriptBuildPhase;
			buildActionMask = 2147483647;
			files = (
			);
			inputPaths = (
				"${SRCROOT}/Pods/Target Support Files/Pods-NewiOSOfQFNU/Pods-NewiOSOfQFNU-resources.sh",
				"${PODS_ROOT}/AVOSCloud/AVOS/AVOSCloud/AVOSCloud_Art.inc",
				"${PODS_ROOT}/DJRefresh/DJRefresh/DJRefresh.bundle",
				"${PODS_ROOT}/LeanCloudFeedback/LeanCloudFeedback/resources/feedback_add_image@2x.png",
				"${PODS_ROOT}/LeanCloudFeedback/LeanCloudFeedback/resources/feedback_back@2x.png",
				"${PODS_ROOT}/LeanCloudFeedback/LeanCloudFeedback/resources/feedback_bg_1@2x.png",
				"${PODS_ROOT}/LeanCloudFeedback/LeanCloudFeedback/resources/feedback_bg_2@2x.png",
				"${PODS_ROOT}/LeanCloudFeedback/LeanCloudFeedback/resources/feedback_btn@2x.png",
				"${PODS_ROOT}/LeanCloudFeedback/LeanCloudFeedback/resources/feedback_btn_new@2x.png",
				"${PODS_ROOT}/LeanCloudFeedback/LeanCloudFeedback/resources/feedback_warning@2x.png",
				"${PODS_ROOT}/LeanCloudFeedback/LeanCloudFeedback/resources/LeanCloudFeedback.strings",
				"${PODS_ROOT}/MJRefresh/MJRefresh/MJRefresh.bundle",
			);
			name = "[CP] Copy Pods Resources";
			outputPaths = (
				"${TARGET_BUILD_DIR}/${UNLOCALIZED_RESOURCES_FOLDER_PATH}",
			);
			runOnlyForDeploymentPostprocessing = 0;
			shellPath = /bin/sh;
			shellScript = "\"${SRCROOT}/Pods/Target Support Files/Pods-NewiOSOfQFNU/Pods-NewiOSOfQFNU-resources.sh\"\n";
			showEnvVarsInLog = 0;
		};
		73E6980994BFEB61EEF93CC7 /* [CP] Embed Pods Frameworks */ = {
			isa = PBXShellScriptBuildPhase;
			buildActionMask = 2147483647;
			files = (
			);
			inputPaths = (
			);
			name = "[CP] Embed Pods Frameworks";
			outputPaths = (
			);
			runOnlyForDeploymentPostprocessing = 0;
			shellPath = /bin/sh;
			shellScript = "\"${SRCROOT}/Pods/Target Support Files/Pods-NewiOSOfQFNUUITests/Pods-NewiOSOfQFNUUITests-frameworks.sh\"\n";
			showEnvVarsInLog = 0;
		};
		DB6A83D9098160EA2158A298 /* [CP] Check Pods Manifest.lock */ = {
			isa = PBXShellScriptBuildPhase;
			buildActionMask = 2147483647;
			files = (
			);
			inputPaths = (
				"${PODS_PODFILE_DIR_PATH}/Podfile.lock",
				"${PODS_ROOT}/Manifest.lock",
			);
			name = "[CP] Check Pods Manifest.lock";
			outputPaths = (
				"$(DERIVED_FILE_DIR)/Pods-NewiOSOfQFNU-checkManifestLockResult.txt",
			);
			runOnlyForDeploymentPostprocessing = 0;
			shellPath = /bin/sh;
			shellScript = "diff \"${PODS_PODFILE_DIR_PATH}/Podfile.lock\" \"${PODS_ROOT}/Manifest.lock\" > /dev/null\nif [ $? != 0 ] ; then\n    # print error to STDERR\n    echo \"error: The sandbox is not in sync with the Podfile.lock. Run 'pod install' or update your CocoaPods installation.\" >&2\n    exit 1\nfi\n# This output is used by Xcode 'outputs' to avoid re-running this script phase.\necho \"SUCCESS\" > \"${SCRIPT_OUTPUT_FILE_0}\"\n";
			showEnvVarsInLog = 0;
		};
		DF86AFFE61767BFF592CFA0E /* [CP] Copy Pods Resources */ = {
			isa = PBXShellScriptBuildPhase;
			buildActionMask = 2147483647;
			files = (
			);
			inputPaths = (
			);
			name = "[CP] Copy Pods Resources";
			outputPaths = (
			);
			runOnlyForDeploymentPostprocessing = 0;
			shellPath = /bin/sh;
			shellScript = "\"${SRCROOT}/Pods/Target Support Files/Pods-NewiOSOfQFNUTests/Pods-NewiOSOfQFNUTests-resources.sh\"\n";
			showEnvVarsInLog = 0;
		};
		F24061D78A67604D8076ADFA /* [CP] Embed Pods Frameworks */ = {
			isa = PBXShellScriptBuildPhase;
			buildActionMask = 2147483647;
			files = (
			);
			inputPaths = (
			);
			name = "[CP] Embed Pods Frameworks";
			outputPaths = (
			);
			runOnlyForDeploymentPostprocessing = 0;
			shellPath = /bin/sh;
			shellScript = "\"${SRCROOT}/Pods/Target Support Files/Pods-NewiOSOfQFNUTests/Pods-NewiOSOfQFNUTests-frameworks.sh\"\n";
			showEnvVarsInLog = 0;
		};
/* End PBXShellScriptBuildPhase section */

/* Begin PBXSourcesBuildPhase section */
		26C6DB5620104972006BE6FE /* Sources */ = {
			isa = PBXSourcesBuildPhase;
			buildActionMask = 2147483647;
			files = (
				264D74EC202C1F680018D236 /* NJKWebViewProgress.m in Sources */,
				26931F02201B2714009C6E8B /* UIImage+Common.m in Sources */,
				264D74E4202BEAFB0018D236 /* MainButtonModel.m in Sources */,
				26B1E799201726B5009CF9FC /* ZMLoginView.m in Sources */,
				26931EFB201B25BA009C6E8B /* ZMUserInfo.m in Sources */,
				2600C1ED2015B50B002A67F8 /* QFNUMainViewController.m in Sources */,
				264D74E0202BEAFB0018D236 /* TQMultistageTableView.m in Sources */,
				26B1E797201726B5009CF9FC /* ZMLoginViewController.m in Sources */,
				264D74F0202C319E0018D236 /* QFInfo.m in Sources */,
				26C6DB6220104972006BE6FE /* ViewController.m in Sources */,
				264D74DD202BEAFB0018D236 /* LeftSortsController.m in Sources */,
				26B1E78920171958009CF9FC /* BaseRequest.m in Sources */,
				26931EE6201B1275009C6E8B /* ZMMineViewController.m in Sources */,
				26931EEF201B242F009C6E8B /* ZMMineLoginViewCell.m in Sources */,
				2600C1CE20158D49002A67F8 /* AboutUsView.m in Sources */,
				26C6DB6D20104972006BE6FE /* main.m in Sources */,
				264D74ED202C1F680018D236 /* NJKWebViewProgressView.m in Sources */,
				264D74E6202BEAFB0018D236 /* MainHeadScrollView.m in Sources */,
				2600C1D220158D49002A67F8 /* QFNUCConsultController.m in Sources */,
				264D74E5202BEAFB0018D236 /* MainButtonView.m in Sources */,
				26931EE5201B1275009C6E8B /* ZMMineView.m in Sources */,
				26931EEA201B1275009C6E8B /* ZMSetupViewController.m in Sources */,
				26931EFE201B2661009C6E8B /* ZMBaseModel.m in Sources */,
				26B1E79D2017279F009CF9FC /* ZMViewController.m in Sources */,
				26B1E798201726B5009CF9FC /* ZMRegisterViewController.m in Sources */,
				26B1E79A201726B5009CF9FC /* ZMRegisterView.m in Sources */,
				26931EE9201B1275009C6E8B /* ZMSetupView.m in Sources */,
				26918E1F2050FE8B004D190C /* HolidayMolde.m in Sources */,
				26931EE7201B1275009C6E8B /* ZMProfileView.m in Sources */,
				26C6DB5F20104972006BE6FE /* AppDelegate.m in Sources */,
				26931EF7201B24C3009C6E8B /* ZMColor.m in Sources */,
				26931EEB201B1275009C6E8B /* ZMProfileViewCell.m in Sources */,
				26B1E7A0201727E0009CF9FC /* ZMNavView.m in Sources */,
				2600C1EC2015B50B002A67F8 /* BaseNavigationController.m in Sources */,
				26931EF6201B24C3009C6E8B /* YYTableViewCell.m in Sources */,
				264D74DF202BEAFB0018D236 /* MainController.m in Sources */,
				26931EE8201B1275009C6E8B /* ZMProfileViewController.m in Sources */,
				2600C1CD20158D49002A67F8 /* QFNUAboutUsController.m in Sources */,
				26931EE4201B1275009C6E8B /* ZMMessageView.m in Sources */,
				26931EF8201B24C3009C6E8B /* YYTableView.m in Sources */,
				26B1E7A3201730C0009CF9FC /* UIView+extension.m in Sources */,
				264D74C5202BEAF50018D236 /* CFWebViewController.m in Sources */,
				26931EEC201B1275009C6E8B /* ZMSetupViewCell.m in Sources */,
			);
			runOnlyForDeploymentPostprocessing = 0;
		};
		26C6DB6E20104973006BE6FE /* Sources */ = {
			isa = PBXSourcesBuildPhase;
			buildActionMask = 2147483647;
			files = (
				26C6DB7720104973006BE6FE /* NewiOSOfQFNUTests.m in Sources */,
			);
			runOnlyForDeploymentPostprocessing = 0;
		};
		26C6DB7920104973006BE6FE /* Sources */ = {
			isa = PBXSourcesBuildPhase;
			buildActionMask = 2147483647;
			files = (
				26C6DB8220104973006BE6FE /* NewiOSOfQFNUUITests.m in Sources */,
				26B1E7A420173909009CF9FC /* ZMViewController.m in Sources */,
			);
			runOnlyForDeploymentPostprocessing = 0;
		};
/* End PBXSourcesBuildPhase section */

/* Begin PBXTargetDependency section */
		26C6DB7420104973006BE6FE /* PBXTargetDependency */ = {
			isa = PBXTargetDependency;
			target = 26C6DB5920104972006BE6FE /* NewiOSOfQFNU */;
			targetProxy = 26C6DB7320104973006BE6FE /* PBXContainerItemProxy */;
		};
		26C6DB7F20104973006BE6FE /* PBXTargetDependency */ = {
			isa = PBXTargetDependency;
			target = 26C6DB5920104972006BE6FE /* NewiOSOfQFNU */;
			targetProxy = 26C6DB7E20104973006BE6FE /* PBXContainerItemProxy */;
		};
/* End PBXTargetDependency section */

/* Begin PBXVariantGroup section */
		26C6DB6320104972006BE6FE /* Main.storyboard */ = {
			isa = PBXVariantGroup;
			children = (
				26C6DB6420104972006BE6FE /* Base */,
			);
			name = Main.storyboard;
			sourceTree = "<group>";
		};
		26C6DB6820104972006BE6FE /* LaunchScreen.storyboard */ = {
			isa = PBXVariantGroup;
			children = (
				26C6DB6920104972006BE6FE /* Base */,
			);
			name = LaunchScreen.storyboard;
			sourceTree = "<group>";
		};
/* End PBXVariantGroup section */

/* Begin XCBuildConfiguration section */
		26C6DB8420104973006BE6FE /* Debug */ = {
			isa = XCBuildConfiguration;
			buildSettings = {
				ALWAYS_SEARCH_USER_PATHS = NO;
				CLANG_ANALYZER_NONNULL = YES;
				CLANG_ANALYZER_NUMBER_OBJECT_CONVERSION = YES_AGGRESSIVE;
				CLANG_CXX_LANGUAGE_STANDARD = "gnu++14";
				CLANG_CXX_LIBRARY = "libc++";
				CLANG_ENABLE_MODULES = YES;
				CLANG_ENABLE_OBJC_ARC = YES;
				CLANG_WARN_BLOCK_CAPTURE_AUTORELEASING = YES;
				CLANG_WARN_BOOL_CONVERSION = YES;
				CLANG_WARN_COMMA = YES;
				CLANG_WARN_CONSTANT_CONVERSION = YES;
				CLANG_WARN_DIRECT_OBJC_ISA_USAGE = YES_ERROR;
				CLANG_WARN_DOCUMENTATION_COMMENTS = YES;
				CLANG_WARN_EMPTY_BODY = YES;
				CLANG_WARN_ENUM_CONVERSION = YES;
				CLANG_WARN_INFINITE_RECURSION = YES;
				CLANG_WARN_INT_CONVERSION = YES;
				CLANG_WARN_NON_LITERAL_NULL_CONVERSION = YES;
				CLANG_WARN_OBJC_LITERAL_CONVERSION = YES;
				CLANG_WARN_OBJC_ROOT_CLASS = YES_ERROR;
				CLANG_WARN_RANGE_LOOP_ANALYSIS = YES;
				CLANG_WARN_STRICT_PROTOTYPES = YES;
				CLANG_WARN_SUSPICIOUS_MOVE = YES;
				CLANG_WARN_UNGUARDED_AVAILABILITY = YES_AGGRESSIVE;
				CLANG_WARN_UNREACHABLE_CODE = YES;
				CLANG_WARN__DUPLICATE_METHOD_MATCH = YES;
				CODE_SIGN_IDENTITY = "iPhone Developer";
				COPY_PHASE_STRIP = NO;
				DEBUG_INFORMATION_FORMAT = dwarf;
				ENABLE_STRICT_OBJC_MSGSEND = YES;
				ENABLE_TESTABILITY = YES;
				GCC_C_LANGUAGE_STANDARD = gnu11;
				GCC_DYNAMIC_NO_PIC = NO;
				GCC_NO_COMMON_BLOCKS = YES;
				GCC_OPTIMIZATION_LEVEL = 0;
				GCC_PREPROCESSOR_DEFINITIONS = (
					"DEBUG=1",
					"$(inherited)",
				);
				GCC_WARN_64_TO_32_BIT_CONVERSION = YES;
				GCC_WARN_ABOUT_RETURN_TYPE = YES_ERROR;
				GCC_WARN_UNDECLARED_SELECTOR = YES;
				GCC_WARN_UNINITIALIZED_AUTOS = YES_AGGRESSIVE;
				GCC_WARN_UNUSED_FUNCTION = YES;
				GCC_WARN_UNUSED_VARIABLE = YES;
				IPHONEOS_DEPLOYMENT_TARGET = 11.1;
				MTL_ENABLE_DEBUG_INFO = YES;
				ONLY_ACTIVE_ARCH = YES;
				SDKROOT = iphoneos;
			};
			name = Debug;
		};
		26C6DB8520104973006BE6FE /* Release */ = {
			isa = XCBuildConfiguration;
			buildSettings = {
				ALWAYS_SEARCH_USER_PATHS = NO;
				CLANG_ANALYZER_NONNULL = YES;
				CLANG_ANALYZER_NUMBER_OBJECT_CONVERSION = YES_AGGRESSIVE;
				CLANG_CXX_LANGUAGE_STANDARD = "gnu++14";
				CLANG_CXX_LIBRARY = "libc++";
				CLANG_ENABLE_MODULES = YES;
				CLANG_ENABLE_OBJC_ARC = YES;
				CLANG_WARN_BLOCK_CAPTURE_AUTORELEASING = YES;
				CLANG_WARN_BOOL_CONVERSION = YES;
				CLANG_WARN_COMMA = YES;
				CLANG_WARN_CONSTANT_CONVERSION = YES;
				CLANG_WARN_DIRECT_OBJC_ISA_USAGE = YES_ERROR;
				CLANG_WARN_DOCUMENTATION_COMMENTS = YES;
				CLANG_WARN_EMPTY_BODY = YES;
				CLANG_WARN_ENUM_CONVERSION = YES;
				CLANG_WARN_INFINITE_RECURSION = YES;
				CLANG_WARN_INT_CONVERSION = YES;
				CLANG_WARN_NON_LITERAL_NULL_CONVERSION = YES;
				CLANG_WARN_OBJC_LITERAL_CONVERSION = YES;
				CLANG_WARN_OBJC_ROOT_CLASS = YES_ERROR;
				CLANG_WARN_RANGE_LOOP_ANALYSIS = YES;
				CLANG_WARN_STRICT_PROTOTYPES = YES;
				CLANG_WARN_SUSPICIOUS_MOVE = YES;
				CLANG_WARN_UNGUARDED_AVAILABILITY = YES_AGGRESSIVE;
				CLANG_WARN_UNREACHABLE_CODE = YES;
				CLANG_WARN__DUPLICATE_METHOD_MATCH = YES;
				CODE_SIGN_IDENTITY = "iPhone Developer";
				COPY_PHASE_STRIP = NO;
				DEBUG_INFORMATION_FORMAT = "dwarf-with-dsym";
				ENABLE_NS_ASSERTIONS = NO;
				ENABLE_STRICT_OBJC_MSGSEND = YES;
				GCC_C_LANGUAGE_STANDARD = gnu11;
				GCC_NO_COMMON_BLOCKS = YES;
				GCC_WARN_64_TO_32_BIT_CONVERSION = YES;
				GCC_WARN_ABOUT_RETURN_TYPE = YES_ERROR;
				GCC_WARN_UNDECLARED_SELECTOR = YES;
				GCC_WARN_UNINITIALIZED_AUTOS = YES_AGGRESSIVE;
				GCC_WARN_UNUSED_FUNCTION = YES;
				GCC_WARN_UNUSED_VARIABLE = YES;
				IPHONEOS_DEPLOYMENT_TARGET = 11.1;
				MTL_ENABLE_DEBUG_INFO = NO;
				SDKROOT = iphoneos;
				VALIDATE_PRODUCT = YES;
			};
			name = Release;
		};
		26C6DB8720104973006BE6FE /* Debug */ = {
			isa = XCBuildConfiguration;
			baseConfigurationReference = 6F67A6CC60FDF8CC4A46F169 /* Pods-NewiOSOfQFNU.debug.xcconfig */;
			buildSettings = {
				ASSETCATALOG_COMPILER_APPICON_NAME = "AppIcon-1";
				CODE_SIGN_STYLE = Manual;
				DEVELOPMENT_TEAM = 668A3P2772;
				ENABLE_BITCODE = NO;
				GCC_PREFIX_HEADER = "$(SRCROOT)/NewiOSOfQFNU/PrefixHeader.pch";
				INFOPLIST_FILE = NewiOSOfQFNU/Info.plist;
				IPHONEOS_DEPLOYMENT_TARGET = 9.0;
				LD_RUNPATH_SEARCH_PATHS = "$(inherited) @executable_path/Frameworks";
				PRIVATE_HEADERS_FOLDER_PATH = "$(CONTENTS_FOLDER_PATH)/PrefixHeader";
				PRODUCT_BUNDLE_IDENTIFIER = yida.NewiOSOfQFNU;
				PRODUCT_NAME = "$(TARGET_NAME)";
				PROVISIONING_PROFILE = "6fa26ea2-8b63-46b2-a9ee-bf919b3666df";
				PROVISIONING_PROFILE_SPECIFIER = yiipad;
				PUBLIC_HEADERS_FOLDER_PATH = "$(CONTENTS_FOLDER_PATH)/PrefixHeader";
				TARGETED_DEVICE_FAMILY = "1,2";
			};
			name = Debug;
		};
		26C6DB8820104973006BE6FE /* Release */ = {
			isa = XCBuildConfiguration;
			baseConfigurationReference = 61C5AB7430127EBAE2BF922E /* Pods-NewiOSOfQFNU.release.xcconfig */;
			buildSettings = {
				ASSETCATALOG_COMPILER_APPICON_NAME = "AppIcon-1";
				CODE_SIGN_STYLE = Manual;
				DEBUG_INFORMATION_FORMAT = dwarf;
				DEVELOPMENT_TEAM = 668A3P2772;
				ENABLE_BITCODE = NO;
				GCC_PREFIX_HEADER = "$(SRCROOT)/NewiOSOfQFNU/PrefixHeader.pch";
				INFOPLIST_FILE = NewiOSOfQFNU/Info.plist;
				IPHONEOS_DEPLOYMENT_TARGET = 9.0;
				LD_RUNPATH_SEARCH_PATHS = "$(inherited) @executable_path/Frameworks";
				PRIVATE_HEADERS_FOLDER_PATH = "$(CONTENTS_FOLDER_PATH)/PrefixHeader";
				PRODUCT_BUNDLE_IDENTIFIER = yida.NewiOSOfQFNU;
				PRODUCT_NAME = "$(TARGET_NAME)";
				PROVISIONING_PROFILE = "6fa26ea2-8b63-46b2-a9ee-bf919b3666df";
				PROVISIONING_PROFILE_SPECIFIER = yiipad;
				PUBLIC_HEADERS_FOLDER_PATH = "$(CONTENTS_FOLDER_PATH)/PrefixHeader";
				TARGETED_DEVICE_FAMILY = "1,2";
			};
			name = Release;
		};
		26C6DB8A20104973006BE6FE /* Debug */ = {
			isa = XCBuildConfiguration;
			baseConfigurationReference = 4ECBEF028583B85DB846CAE3 /* Pods-NewiOSOfQFNUTests.debug.xcconfig */;
			buildSettings = {
				BUNDLE_LOADER = "$(TEST_HOST)";
				CODE_SIGN_STYLE = Automatic;
				INFOPLIST_FILE = NewiOSOfQFNUTests/Info.plist;
				LD_RUNPATH_SEARCH_PATHS = "$(inherited) @executable_path/Frameworks @loader_path/Frameworks";
				PRODUCT_BUNDLE_IDENTIFIER = yida.NewiOSOfQFNUTests;
				PRODUCT_NAME = "$(TARGET_NAME)";
				TARGETED_DEVICE_FAMILY = "1,2";
				TEST_HOST = "$(BUILT_PRODUCTS_DIR)/NewiOSOfQFNU.app/NewiOSOfQFNU";
			};
			name = Debug;
		};
		26C6DB8B20104973006BE6FE /* Release */ = {
			isa = XCBuildConfiguration;
			baseConfigurationReference = 68F7F401829802767F9C6EA0 /* Pods-NewiOSOfQFNUTests.release.xcconfig */;
			buildSettings = {
				BUNDLE_LOADER = "$(TEST_HOST)";
				CODE_SIGN_STYLE = Automatic;
				INFOPLIST_FILE = NewiOSOfQFNUTests/Info.plist;
				LD_RUNPATH_SEARCH_PATHS = "$(inherited) @executable_path/Frameworks @loader_path/Frameworks";
				PRODUCT_BUNDLE_IDENTIFIER = yida.NewiOSOfQFNUTests;
				PRODUCT_NAME = "$(TARGET_NAME)";
				TARGETED_DEVICE_FAMILY = "1,2";
				TEST_HOST = "$(BUILT_PRODUCTS_DIR)/NewiOSOfQFNU.app/NewiOSOfQFNU";
			};
			name = Release;
		};
		26C6DB8D20104973006BE6FE /* Debug */ = {
			isa = XCBuildConfiguration;
			baseConfigurationReference = 60D8DDBA53E6C439CEF6AC85 /* Pods-NewiOSOfQFNUUITests.debug.xcconfig */;
			buildSettings = {
				CODE_SIGN_STYLE = Automatic;
				INFOPLIST_FILE = NewiOSOfQFNUUITests/Info.plist;
				LD_RUNPATH_SEARCH_PATHS = "$(inherited) @executable_path/Frameworks @loader_path/Frameworks";
				PRODUCT_BUNDLE_IDENTIFIER = yida.NewiOSOfQFNUUITests;
				PRODUCT_NAME = "$(TARGET_NAME)";
				TARGETED_DEVICE_FAMILY = "1,2";
				TEST_TARGET_NAME = NewiOSOfQFNU;
			};
			name = Debug;
		};
		26C6DB8E20104973006BE6FE /* Release */ = {
			isa = XCBuildConfiguration;
			baseConfigurationReference = B7219B57E9FF741A2C90DB2F /* Pods-NewiOSOfQFNUUITests.release.xcconfig */;
			buildSettings = {
				CODE_SIGN_STYLE = Automatic;
				INFOPLIST_FILE = NewiOSOfQFNUUITests/Info.plist;
				LD_RUNPATH_SEARCH_PATHS = "$(inherited) @executable_path/Frameworks @loader_path/Frameworks";
				PRODUCT_BUNDLE_IDENTIFIER = yida.NewiOSOfQFNUUITests;
				PRODUCT_NAME = "$(TARGET_NAME)";
				TARGETED_DEVICE_FAMILY = "1,2";
				TEST_TARGET_NAME = NewiOSOfQFNU;
			};
			name = Release;
		};
/* End XCBuildConfiguration section */

/* Begin XCConfigurationList section */
		26C6DB5520104971006BE6FE /* Build configuration list for PBXProject "NewiOSOfQFNU" */ = {
			isa = XCConfigurationList;
			buildConfigurations = (
				26C6DB8420104973006BE6FE /* Debug */,
				26C6DB8520104973006BE6FE /* Release */,
			);
			defaultConfigurationIsVisible = 0;
			defaultConfigurationName = Release;
		};
		26C6DB8620104973006BE6FE /* Build configuration list for PBXNativeTarget "NewiOSOfQFNU" */ = {
			isa = XCConfigurationList;
			buildConfigurations = (
				26C6DB8720104973006BE6FE /* Debug */,
				26C6DB8820104973006BE6FE /* Release */,
			);
			defaultConfigurationIsVisible = 0;
			defaultConfigurationName = Release;
		};
		26C6DB8920104973006BE6FE /* Build configuration list for PBXNativeTarget "NewiOSOfQFNUTests" */ = {
			isa = XCConfigurationList;
			buildConfigurations = (
				26C6DB8A20104973006BE6FE /* Debug */,
				26C6DB8B20104973006BE6FE /* Release */,
			);
			defaultConfigurationIsVisible = 0;
			defaultConfigurationName = Release;
		};
		26C6DB8C20104973006BE6FE /* Build configuration list for PBXNativeTarget "NewiOSOfQFNUUITests" */ = {
			isa = XCConfigurationList;
			buildConfigurations = (
				26C6DB8D20104973006BE6FE /* Debug */,
				26C6DB8E20104973006BE6FE /* Release */,
			);
			defaultConfigurationIsVisible = 0;
			defaultConfigurationName = Release;
		};
/* End XCConfigurationList section */
	};
	rootObject = 26C6DB5220104971006BE6FE /* Project object */;
}
